
Microsoft Visual Studio Solution File, Format Version 12.00
# Visual Studio Version 17
VisualStudioVersion = 17.8.34525.116
MinimumVisualStudioVersion = 10.0.40219.1
Project("{9A19103F-16F7-4668-BE54-9A1E7A4F7556}") = "LibrarySquare", "LibrarySquare\LibrarySquare.csproj", "{ECEBE58C-5306-437B-8497-578C0F877887}"
EndProject
Project("{9A19103F-16F7-4668-BE54-9A1E7A4F7556}") = "LibrarySquareTests", "LibrarySquareTests\LibrarySquareTests.csproj", "{E97A12A5-5D86-44A2-BFD9-11EC495C44D7}"
EndProject
Global
	GlobalSection(SolutionConfigurationPlatforms) = preSolution
		Debug|Any CPU = Debug|Any CPU
		Release|Any CPU = Release|Any CPU
	EndGlobalSection
	GlobalSection(ProjectConfigurationPlatforms) = postSolution
		{ECEBE58C-5306-437B-8497-578C0F877887}.Debug|Any CPU.ActiveCfg = Debug|Any CPU
		{ECEBE58C-5306-437B-8497-578C0F877887}.Debug|Any CPU.Build.0 = Debug|Any CPU
		{ECEBE58C-5306-437B-8497-578C0F877887}.Release|Any CPU.ActiveCfg = Release|Any CPU
		{ECEBE58C-5306-437B-8497-578C0F877887}.Release|Any CPU.Build.0 = Release|Any CPU
		{E97A12A5-5D86-44A2-BFD9-11EC495C44D7}.Debug|Any CPU.ActiveCfg = Debug|Any CPU
		{E97A12A5-5D86-44A2-BFD9-11EC495C44D7}.Debug|Any CPU.Build.0 = Debug|Any CPU
		{E97A12A5-5D86-44A2-BFD9-11EC495C44D7}.Release|Any CPU.ActiveCfg = Release|Any CPU
		{E97A12A5-5D86-44A2-BFD9-11EC495C44D7}.Release|Any CPU.Build.0 = Release|Any CPU
	EndGlobalSection
	GlobalSection(SolutionProperties) = preSolution
		HideSolutionNode = FALSE
	EndGlobalSection
	GlobalSection(ExtensibilityGlobals) = postSolution
		SolutionGuid = {70A02F4B-9F94-4154-84EF-2DEC3FFEC4CC}
	EndGlobalSection
EndGlobal
